// !$*UTF8*$!
{
	archiveVersion = 1;
	classes = {
	};
	objectVersion = 50;
	objects = {

/* Begin PBXBuildFile section */
		904D8C6423B957D900896042 /* AppDelegate.swift in Sources */ = {isa = PBXBuildFile; fileRef = 904D8C6323B957D900896042 /* AppDelegate.swift */; };
		904D8C6623B957D900896042 /* SceneDelegate.swift in Sources */ = {isa = PBXBuildFile; fileRef = 904D8C6523B957D900896042 /* SceneDelegate.swift */; };
		904D8C6823B957D900896042 /* ViewController.swift in Sources */ = {isa = PBXBuildFile; fileRef = 904D8C6723B957D900896042 /* ViewController.swift */; };
		904D8C6B23B957D900896042 /* Main.storyboard in Resources */ = {isa = PBXBuildFile; fileRef = 904D8C6923B957D900896042 /* Main.storyboard */; };
		904D8C6D23B957DF00896042 /* Assets.xcassets in Resources */ = {isa = PBXBuildFile; fileRef = 904D8C6C23B957DF00896042 /* Assets.xcassets */; };
		904D8C7023B957DF00896042 /* LaunchScreen.storyboard in Resources */ = {isa = PBXBuildFile; fileRef = 904D8C6E23B957DF00896042 /* LaunchScreen.storyboard */; };
		904D8C7E23B96BE400896042 /* Contents.swift in Sources */ = {isa = PBXBuildFile; fileRef = 904D8C7D23B96BE400896042 /* Contents.swift */; };
		90B4140523C7DD7E00344993 /* KanyeFace.png in Resources */ = {isa = PBXBuildFile; fileRef = 90B4140423C7DD7D00344993 /* KanyeFace.png */; };
		90B4140723C8050300344993 /* BackgroundColor.swift in Sources */ = {isa = PBXBuildFile; fileRef = 90B4140623C8050300344993 /* BackgroundColor.swift */; };
		90B4140923C87F9A00344993 /* Button.png in Resources */ = {isa = PBXBuildFile; fileRef = 90B4140823C87F9A00344993 /* Button.png */; };
		90B4140E23C88A4A00344993 /* Rectangle.png in Resources */ = {isa = PBXBuildFile; fileRef = 90B4140D23C88A4A00344993 /* Rectangle.png */; };
/* End PBXBuildFile section */

/* Begin PBXFileReference section */
		904D8C6023B957D900896042 /* WWKS.app */ = {isa = PBXFileReference; explicitFileType = wrapper.application; includeInIndex = 0; path = WWKS.app; sourceTree = BUILT_PRODUCTS_DIR; };
		904D8C6323B957D900896042 /* AppDelegate.swift */ = {isa = PBXFileReference; lastKnownFileType = sourcecode.swift; path = AppDelegate.swift; sourceTree = "<group>"; };
		904D8C6523B957D900896042 /* SceneDelegate.swift */ = {isa = PBXFileReference; lastKnownFileType = sourcecode.swift; path = SceneDelegate.swift; sourceTree = "<group>"; };
		904D8C6723B957D900896042 /* ViewController.swift */ = {isa = PBXFileReference; lastKnownFileType = sourcecode.swift; path = ViewController.swift; sourceTree = "<group>"; };
		904D8C6A23B957D900896042 /* Base */ = {isa = PBXFileReference; lastKnownFileType = file.storyboard; name = Base; path = Base.lproj/Main.storyboard; sourceTree = "<group>"; };
		904D8C6C23B957DF00896042 /* Assets.xcassets */ = {isa = PBXFileReference; lastKnownFileType = folder.assetcatalog; path = Assets.xcassets; sourceTree = "<group>"; };
		904D8C6F23B957DF00896042 /* Base */ = {isa = PBXFileReference; lastKnownFileType = file.storyboard; name = Base; path = Base.lproj/LaunchScreen.storyboard; sourceTree = "<group>"; };
		904D8C7123B957DF00896042 /* Info.plist */ = {isa = PBXFileReference; lastKnownFileType = text.plist.xml; path = Info.plist; sourceTree = "<group>"; };
		904D8C7D23B96BE400896042 /* Contents.swift */ = {isa = PBXFileReference; lastKnownFileType = sourcecode.swift; name = Contents.swift; path = ../Contents.swift; sourceTree = "<group>"; };
		90B4140423C7DD7D00344993 /* KanyeFace.png */ = {isa = PBXFileReference; lastKnownFileType = image.png; path = KanyeFace.png; sourceTree = "<group>"; };
		90B4140623C8050300344993 /* BackgroundColor.swift */ = {isa = PBXFileReference; lastKnownFileType = sourcecode.swift; path = BackgroundColor.swift; sourceTree = "<group>"; };
		90B4140823C87F9A00344993 /* Button.png */ = {isa = PBXFileReference; lastKnownFileType = image.png; path = Button.png; sourceTree = "<group>"; };
		90B4140D23C88A4A00344993 /* Rectangle.png */ = {isa = PBXFileReference; lastKnownFileType = image.png; path = Rectangle.png; sourceTree = "<group>"; };
/* End PBXFileReference section */

/* Begin PBXFrameworksBuildPhase section */
		904D8C5D23B957D900896042 /* Frameworks */ = {
			isa = PBXFrameworksBuildPhase;
			buildActionMask = 2147483647;
			files = (
			);
			runOnlyForDeploymentPostprocessing = 0;
		};
/* End PBXFrameworksBuildPhase section */

/* Begin PBXGroup section */
		904D8C5723B957D900896042 = {
			isa = PBXGroup;
			children = (
				904D8C6223B957D900896042 /* Quotable */,
				90B4140A23C87FB800344993 /* Icons */,
				904D8C6123B957D900896042 /* Products */,
			);
			sourceTree = "<group>";
		};
		904D8C6123B957D900896042 /* Products */ = {
			isa = PBXGroup;
			children = (
				904D8C6023B957D900896042 /* WWKS.app */,
			);
			name = Products;
			sourceTree = "<group>";
		};
		904D8C6223B957D900896042 /* Quotable */ = {
			isa = PBXGroup;
			children = (
				904D8C6323B957D900896042 /* AppDelegate.swift */,
				904D8C6523B957D900896042 /* SceneDelegate.swift */,
				904D8C7D23B96BE400896042 /* Contents.swift */,
				904D8C6723B957D900896042 /* ViewController.swift */,
				90B4140623C8050300344993 /* BackgroundColor.swift */,
				904D8C6923B957D900896042 /* Main.storyboard */,
				904D8C6C23B957DF00896042 /* Assets.xcassets */,
				904D8C6E23B957DF00896042 /* LaunchScreen.storyboard */,
				904D8C7123B957DF00896042 /* Info.plist */,
			);
			path = Quotable;
			sourceTree = "<group>";
		};
		90B4140A23C87FB800344993 /* Icons */ = {
			isa = PBXGroup;
			children = (
				90B4140D23C88A4A00344993 /* Rectangle.png */,
				90B4140823C87F9A00344993 /* Button.png */,
				90B4140423C7DD7D00344993 /* KanyeFace.png */,
			);
			path = Icons;
			sourceTree = "<group>";
		};
/* End PBXGroup section */

/* Begin PBXNativeTarget section */
		904D8C5F23B957D900896042 /* WWKS */ = {
			isa = PBXNativeTarget;
			buildConfigurationList = 904D8C7423B957DF00896042 /* Build configuration list for PBXNativeTarget "WWKS" */;
			buildPhases = (
				904D8C5C23B957D900896042 /* Sources */,
				904D8C5D23B957D900896042 /* Frameworks */,
				904D8C5E23B957D900896042 /* Resources */,
			);
			buildRules = (
			);
			dependencies = (
			);
			name = WWKS;
			productName = Quotable;
			productReference = 904D8C6023B957D900896042 /* WWKS.app */;
			productType = "com.apple.product-type.application";
		};
/* End PBXNativeTarget section */

/* Begin PBXProject section */
		904D8C5823B957D900896042 /* Project object */ = {
			isa = PBXProject;
			attributes = {
				LastSwiftUpdateCheck = 1130;
				LastUpgradeCheck = 1130;
				ORGANIZATIONNAME = "Stephanie Chiu";
				TargetAttributes = {
					904D8C5F23B957D900896042 = {
						CreatedOnToolsVersion = 11.3;
					};
				};
			};
			buildConfigurationList = 904D8C5B23B957D900896042 /* Build configuration list for PBXProject "WWKS" */;
			compatibilityVersion = "Xcode 9.3";
			developmentRegion = en;
			hasScannedForEncodings = 0;
			knownRegions = (
				en,
				Base,
			);
			mainGroup = 904D8C5723B957D900896042;
			productRefGroup = 904D8C6123B957D900896042 /* Products */;
			projectDirPath = "";
			projectRoot = "";
			targets = (
				904D8C5F23B957D900896042 /* WWKS */,
			);
		};
/* End PBXProject section */

/* Begin PBXResourcesBuildPhase section */
		904D8C5E23B957D900896042 /* Resources */ = {
			isa = PBXResourcesBuildPhase;
			buildActionMask = 2147483647;
			files = (
				90B4140923C87F9A00344993 /* Button.png in Resources */,
				904D8C7023B957DF00896042 /* LaunchScreen.storyboard in Resources */,
				904D8C6D23B957DF00896042 /* Assets.xcassets in Resources */,
				904D8C6B23B957D900896042 /* Main.storyboard in Resources */,
				90B4140523C7DD7E00344993 /* KanyeFace.png in Resources */,
				90B4140E23C88A4A00344993 /* Rectangle.png in Resources */,
			);
			runOnlyForDeploymentPostprocessing = 0;
		};
/* End PBXResourcesBuildPhase section */

/* Begin PBXSourcesBuildPhase section */
		904D8C5C23B957D900896042 /* Sources */ = {
			isa = PBXSourcesBuildPhase;
			buildActionMask = 2147483647;
			files = (
				904D8C6823B957D900896042 /* ViewController.swift in Sources */,
				904D8C7E23B96BE400896042 /* Contents.swift in Sources */,
				90B4140723C8050300344993 /* BackgroundColor.swift in Sources */,
				904D8C6423B957D900896042 /* AppDelegate.swift in Sources */,
				904D8C6623B957D900896042 /* SceneDelegate.swift in Sources */,
			);
			runOnlyForDeploymentPostprocessing = 0;
		};
/* End PBXSourcesBuildPhase section */

/* Begin PBXVariantGroup section */
		904D8C6923B957D900896042 /* Main.storyboard */ = {
			isa = PBXVariantGroup;
			children = (
				904D8C6A23B957D900896042 /* Base */,
			);
			name = Main.storyboard;
			sourceTree = "<group>";
		};
		904D8C6E23B957DF00896042 /* LaunchScreen.storyboard */ = {
			isa = PBXVariantGroup;
			children = (
				904D8C6F23B957DF00896042 /* Base */,
			);
			name = LaunchScreen.storyboard;
			sourceTree = "<group>";
		};
/* End PBXVariantGroup section */

/* Begin XCBuildConfiguration section */
		904D8C7223B957DF00896042 /* Debug */ = {
			isa = XCBuildConfiguration;
			buildSettings = {
				ALWAYS_SEARCH_USER_PATHS = NO;
				CLANG_ANALYZER_NONNULL = YES;
				CLANG_ANALYZER_NUMBER_OBJECT_CONVERSION = YES_AGGRESSIVE;
				CLANG_CXX_LANGUAGE_STANDARD = "gnu++14";
				CLANG_CXX_LIBRARY = "libc++";
				CLANG_ENABLE_MODULES = YES;
				CLANG_ENABLE_OBJC_ARC = YES;
				CLANG_ENABLE_OBJC_WEAK = YES;
				CLANG_WARN_BLOCK_CAPTURE_AUTORELEASING = YES;
				CLANG_WARN_BOOL_CONVERSION = YES;
				CLANG_WARN_COMMA = YES;
				CLANG_WARN_CONSTANT_CONVERSION = YES;
				CLANG_WARN_DEPRECATED_OBJC_IMPLEMENTATIONS = YES;
				CLANG_WARN_DIRECT_OBJC_ISA_USAGE = YES_ERROR;
				CLANG_WARN_DOCUMENTATION_COMMENTS = YES;
				CLANG_WARN_EMPTY_BODY = YES;
				CLANG_WARN_ENUM_CONVERSION = YES;
				CLANG_WARN_INFINITE_RECURSION = YES;
				CLANG_WARN_INT_CONVERSION = YES;
				CLANG_WARN_NON_LITERAL_NULL_CONVERSION = YES;
				CLANG_WARN_OBJC_IMPLICIT_RETAIN_SELF = YES;
				CLANG_WARN_OBJC_LITERAL_CONVERSION = YES;
				CLANG_WARN_OBJC_ROOT_CLASS = YES_ERROR;
				CLANG_WARN_RANGE_LOOP_ANALYSIS = YES;
				CLANG_WARN_STRICT_PROTOTYPES = YES;
				CLANG_WARN_SUSPICIOUS_MOVE = YES;
				CLANG_WARN_UNGUARDED_AVAILABILITY = YES_AGGRESSIVE;
				CLANG_WARN_UNREACHABLE_CODE = YES;
				CLANG_WARN__DUPLICATE_METHOD_MATCH = YES;
				COPY_PHASE_STRIP = NO;
				DEBUG_INFORMATION_FORMAT = dwarf;
				ENABLE_STRICT_OBJC_MSGSEND = YES;
				ENABLE_TESTABILITY = YES;
				GCC_C_LANGUAGE_STANDARD = gnu11;
				GCC_DYNAMIC_NO_PIC = NO;
				GCC_NO_COMMON_BLOCKS = YES;
				GCC_OPTIMIZATION_LEVEL = 0;
				GCC_PREPROCESSOR_DEFINITIONS = (
					"DEBUG=1",
					"$(inherited)",
				);
				GCC_WARN_64_TO_32_BIT_CONVERSION = YES;
				GCC_WARN_ABOUT_RETURN_TYPE = YES_ERROR;
				GCC_WARN_UNDECLARED_SELECTOR = YES;
				GCC_WARN_UNINITIALIZED_AUTOS = YES_AGGRESSIVE;
				GCC_WARN_UNUSED_FUNCTION = YES;
				GCC_WARN_UNUSED_VARIABLE = YES;
				IPHONEOS_DEPLOYMENT_TARGET = 13.2;
				MTL_ENABLE_DEBUG_INFO = INCLUDE_SOURCE;
				MTL_FAST_MATH = YES;
				ONLY_ACTIVE_ARCH = YES;
				SDKROOT = iphoneos;
				SWIFT_ACTIVE_COMPILATION_CONDITIONS = DEBUG;
				SWIFT_OPTIMIZATION_LEVEL = "-Onone";
			};
			name = Debug;
		};
		904D8C7323B957DF00896042 /* Release */ = {
			isa = XCBuildConfiguration;
			buildSettings = {
				ALWAYS_SEARCH_USER_PATHS = NO;
				CLANG_ANALYZER_NONNULL = YES;
				CLANG_ANALYZER_NUMBER_OBJECT_CONVERSION = YES_AGGRESSIVE;
				CLANG_CXX_LANGUAGE_STANDARD = "gnu++14";
				CLANG_CXX_LIBRARY = "libc++";
				CLANG_ENABLE_MODULES = YES;
				CLANG_ENABLE_OBJC_ARC = YES;
				CLANG_ENABLE_OBJC_WEAK = YES;
				CLANG_WARN_BLOCK_CAPTURE_AUTORELEASING = YES;
				CLANG_WARN_BOOL_CONVERSION = YES;
				CLANG_WARN_COMMA = YES;
				CLANG_WARN_CONSTANT_CONVERSION = YES;
				CLANG_WARN_DEPRECATED_OBJC_IMPLEMENTATIONS = YES;
				CLANG_WARN_DIRECT_OBJC_ISA_USAGE = YES_ERROR;
				CLANG_WARN_DOCUMENTATION_COMMENTS = YES;
				CLANG_WARN_EMPTY_BODY = YES;
				CLANG_WARN_ENUM_CONVERSION = YES;
				CLANG_WARN_INFINITE_RECURSION = YES;
				CLANG_WARN_INT_CONVERSION = YES;
				CLANG_WARN_NON_LITERAL_NULL_CONVERSION = YES;
				CLANG_WARN_OBJC_IMPLICIT_RETAIN_SELF = YES;
				CLANG_WARN_OBJC_LITERAL_CONVERSION = YES;
				CLANG_WARN_OBJC_ROOT_CLASS = YES_ERROR;
				CLANG_WARN_RANGE_LOOP_ANALYSIS = YES;
				CLANG_WARN_STRICT_PROTOTYPES = YES;
				CLANG_WARN_SUSPICIOUS_MOVE = YES;
				CLANG_WARN_UNGUARDED_AVAILABILITY = YES_AGGRESSIVE;
				CLANG_WARN_UNREACHABLE_CODE = YES;
				CLANG_WARN__DUPLICATE_METHOD_MATCH = YES;
				COPY_PHASE_STRIP = NO;
				DEBUG_INFORMATION_FORMAT = "dwarf-with-dsym";
				ENABLE_NS_ASSERTIONS = NO;
				ENABLE_STRICT_OBJC_MSGSEND = YES;
				GCC_C_LANGUAGE_STANDARD = gnu11;
				GCC_NO_COMMON_BLOCKS = YES;
				GCC_WARN_64_TO_32_BIT_CONVERSION = YES;
				GCC_WARN_ABOUT_RETURN_TYPE = YES_ERROR;
				GCC_WARN_UNDECLARED_SELECTOR = YES;
				GCC_WARN_UNINITIALIZED_AUTOS = YES_AGGRESSIVE;
				GCC_WARN_UNUSED_FUNCTION = YES;
				GCC_WARN_UNUSED_VARIABLE = YES;
				IPHONEOS_DEPLOYMENT_TARGET = 13.2;
				MTL_ENABLE_DEBUG_INFO = NO;
				MTL_FAST_MATH = YES;
				SDKROOT = iphoneos;
				SWIFT_COMPILATION_MODE = wholemodule;
				SWIFT_OPTIMIZATION_LEVEL = "-O";
				VALIDATE_PRODUCT = YES;
			};
			name = Release;
		};
		904D8C7523B957DF00896042 /* Debug */ = {
			isa = XCBuildConfiguration;
			buildSettings = {
				ASSETCATALOG_COMPILER_APPICON_NAME = AppIcon;
				CODE_SIGN_STYLE = Automatic;
				DEVELOPMENT_TEAM = PAF88N9AZQ;
				INFOPLIST_FILE = Quotable/Info.plist;
				IPHONEOS_DEPLOYMENT_TARGET = 13.2;
				LD_RUNPATH_SEARCH_PATHS = (
					"$(inherited)",
					"@executable_path/Frameworks",
				);
				PRODUCT_BUNDLE_IDENTIFIER = com.stephaniechiu.Quotable;
				PRODUCT_NAME = "$(TARGET_NAME)";
				SWIFT_VERSION = 5.0;
				TARGETED_DEVICE_FAMILY = 1;
			};
			name = Debug;
		};
		904D8C7623B957DF00896042 /* Release */ = {
			isa = XCBuildConfiguration;
			buildSettings = {
				ASSETCATALOG_COMPILER_APPICON_NAME = AppIcon;
				CODE_SIGN_STYLE = Automatic;
				DEVELOPMENT_TEAM = PAF88N9AZQ;
				INFOPLIST_FILE = Quotable/Info.plist;
				IPHONEOS_DEPLOYMENT_TARGET = 13.2;
				LD_RUNPATH_SEARCH_PATHS = (
					"$(inherited)",
					"@executable_path/Frameworks",
				);
				PRODUCT_BUNDLE_IDENTIFIER = com.stephaniechiu.Quotable;
				PRODUCT_NAME = "$(TARGET_NAME)";
				SWIFT_VERSION = 5.0;
				TARGETED_DEVICE_FAMILY = 1;
			};
			name = Release;
		};
/* End XCBuildConfiguration section */

/* Begin XCConfigurationList section */
		904D8C5B23B957D900896042 /* Build configuration list for PBXProject "WWKS" */ = {
			isa = XCConfigurationList;
			buildConfigurations = (
				904D8C7223B957DF00896042 /* Debug */,
				904D8C7323B957DF00896042 /* Release */,
			);
			defaultConfigurationIsVisible = 0;
			defaultConfigurationName = Release;
		};
		904D8C7423B957DF00896042 /* Build configuration list for PBXNativeTarget "WWKS" */ = {
			isa = XCConfigurationList;
			buildConfigurations = (
				904D8C7523B957DF00896042 /* Debug */,
				904D8C7623B957DF00896042 /* Release */,
			);
			defaultConfigurationIsVisible = 0;
			defaultConfigurationName = Release;
		};
/* End XCConfigurationList section */
	};
	rootObject = 904D8C5823B957D900896042 /* Project object */;
}
